
Microsoft Visual Studio Solution File, Format Version 12.00
# Visual Studio Version 16
VisualStudioVersion = 16.0.32510.428
MinimumVisualStudioVersion = 10.0.40219.1
Project("{FAE04EC0-301F-11D3-BF4B-00C04F79EFBC}") = "CURRICULAM VITAE", "CURRICULAM VITAE\CURRICULAM VITAE.csproj", "{F84C7BCD-360C-46AF-9614-4655E00AA75D}"
EndProject
Global
	GlobalSection(SolutionConfigurationPlatforms) = preSolution
		Debug|Any CPU = Debug|Any CPU
		Release|Any CPU = Release|Any CPU
	EndGlobalSection
	GlobalSection(ProjectConfigurationPlatforms) = postSolution
		{F84C7BCD-360C-46AF-9614-4655E00AA75D}.Debug|Any CPU.ActiveCfg = Debug|Any CPU
		{F84C7BCD-360C-46AF-9614-4655E00AA75D}.Debug|Any CPU.Build.0 = Debug|Any CPU
		{F84C7BCD-360C-46AF-9614-4655E00AA75D}.Release|Any CPU.ActiveCfg = Release|Any CPU
		{F84C7BCD-360C-46AF-9614-4655E00AA75D}.Release|Any CPU.Build.0 = Release|Any CPU
	EndGlobalSection
	GlobalSection(SolutionProperties) = preSolution
		HideSolutionNode = FALSE
	EndGlobalSection
	GlobalSection(ExtensibilityGlobals) = postSolution
		SolutionGuid = {1D97A7C5-8F68-403E-8C39-1C0DB8190F19}
	EndGlobalSection
EndGlobal
